
Microsoft Visual Studio Solution File, Format Version 12.00
# Visual Studio Version 16
VisualStudioVersion = 16.0.30114.105
MinimumVisualStudioVersion = 10.0.40219.1
Project("{8BC9CEB8-8B4A-11D0-8D11-00A0C91BC942}") = "PointCloudProcessor", "PointCloudProcessor\PointCloudProcessor.vcxproj", "{C39C07F1-44B2-4A17-9B54-40AA26283E70}"
EndProject
Global
	GlobalSection(SolutionConfigurationPlatforms) = preSolution
		Debug|x64 = Debug|x64
		Release|x64 = Release|x64
	EndGlobalSection
	GlobalSection(ProjectConfigurationPlatforms) = postSolution
		{C39C07F1-44B2-4A17-9B54-40AA26283E70}.Debug|x64.ActiveCfg = Debug|x64
		{C39C07F1-44B2-4A17-9B54-40AA26283E70}.Debug|x64.Build.0 = Debug|x64
		{C39C07F1-44B2-4A17-9B54-40AA26283E70}.Release|x64.ActiveCfg = Release|x64
		{C39C07F1-44B2-4A17-9B54-40AA26283E70}.Release|x64.Build.0 = Release|x64
	EndGlobalSection
	GlobalSection(SolutionProperties) = preSolution
		HideSolutionNode = FALSE
	EndGlobalSection
	GlobalSection(ExtensibilityGlobals) = postSolution
		SolutionGuid = {58EDFFB1-3F8C-47A6-A4E8-F296DCD59A4A}
	EndGlobalSection
EndGlobal
